
Microsoft Visual Studio Solution File, Format Version 12.00
# Visual Studio Version 17
VisualStudioVersion = 17.3.32811.315
MinimumVisualStudioVersion = 10.0.40219.1
Project("{9A19103F-16F7-4668-BE54-9A1E7A4F7556}") = "LINQ", "D:\IT\3 семестр\С шарп\Видео\Лекция 13\LINQ\LINQ.csproj", "{AC767C8A-A0A5-4650-A4C3-FB58AD896D83}"
EndProject
Project("{FAE04EC0-301F-11D3-BF4B-00C04F79EFBC}") = "CarLib", "..\CarLib\CarLib.csproj", "{565D04E8-1432-4925-902E-ABE812CC8184}"
EndProject
Global
	GlobalSection(SolutionConfigurationPlatforms) = preSolution
		Debug|Any CPU = Debug|Any CPU
		Release|Any CPU = Release|Any CPU
	EndGlobalSection
	GlobalSection(ProjectConfigurationPlatforms) = postSolution
		{AC767C8A-A0A5-4650-A4C3-FB58AD896D83}.Debug|Any CPU.ActiveCfg = Debug|Any CPU
		{AC767C8A-A0A5-4650-A4C3-FB58AD896D83}.Debug|Any CPU.Build.0 = Debug|Any CPU
		{AC767C8A-A0A5-4650-A4C3-FB58AD896D83}.Release|Any CPU.ActiveCfg = Release|Any CPU
		{AC767C8A-A0A5-4650-A4C3-FB58AD896D83}.Release|Any CPU.Build.0 = Release|Any CPU
		{565D04E8-1432-4925-902E-ABE812CC8184}.Debug|Any CPU.ActiveCfg = Debug|Any CPU
		{565D04E8-1432-4925-902E-ABE812CC8184}.Debug|Any CPU.Build.0 = Debug|Any CPU
		{565D04E8-1432-4925-902E-ABE812CC8184}.Release|Any CPU.ActiveCfg = Release|Any CPU
		{565D04E8-1432-4925-902E-ABE812CC8184}.Release|Any CPU.Build.0 = Release|Any CPU
	EndGlobalSection
	GlobalSection(SolutionProperties) = preSolution
		HideSolutionNode = FALSE
	EndGlobalSection
	GlobalSection(ExtensibilityGlobals) = postSolution
		SolutionGuid = {352B8445-BA21-4E14-A03B-6A5B6208301C}
	EndGlobalSection
EndGlobal
